// !$*UTF8*$!
{
	archiveVersion = 1;
	classes = {
	};
	objectVersion = 52;
	objects = {

/* Begin PBXBuildFile section */
		E474C75B26092E0A008E6940 /* HeartAnimationView.swift in Sources */ = {isa = PBXBuildFile; fileRef = E474C75726092E0A008E6940 /* HeartAnimationView.swift */; };
		E474C75D26092E0A008E6940 /* LottieAnimation.swift in Sources */ = {isa = PBXBuildFile; fileRef = E474C75A26092E0A008E6940 /* LottieAnimation.swift */; };
		E474C76526093CE7008E6940 /* heartAnimation.json in Resources */ = {isa = PBXBuildFile; fileRef = E474C76426093CE7008E6940 /* heartAnimation.json */; };
		E474C76B26093F2E008E6940 /* LikedVersesDataManager.swift in Sources */ = {isa = PBXBuildFile; fileRef = E474C76A26093F2E008E6940 /* LikedVersesDataManager.swift */; };
		E474C76D260940EC008E6940 /* os_log+Ext.swift in Sources */ = {isa = PBXBuildFile; fileRef = E474C76C260940EC008E6940 /* os_log+Ext.swift */; };
		E474C77026094A49008E6940 /* LikedVerse+CoreDataClass.swift in Sources */ = {isa = PBXBuildFile; fileRef = E474C76E26094A49008E6940 /* LikedVerse+CoreDataClass.swift */; };
		E474C798260BBDBA008E6940 /* GoogleService-Info.plist in Resources */ = {isa = PBXBuildFile; fileRef = E474C797260BBDBA008E6940 /* GoogleService-Info.plist */; };
		E474C79B260BBF51008E6940 /* FirebaseDataManager.swift in Sources */ = {isa = PBXBuildFile; fileRef = E474C79A260BBF51008E6940 /* FirebaseDataManager.swift */; };
		E474C7B0260BC1B4008E6940 /* FirebaseStorageSwift-Beta in Frameworks */ = {isa = PBXBuildFile; productRef = E474C7AF260BC1B4008E6940 /* FirebaseStorageSwift-Beta */; };
		E474C7B2260BC1B4008E6940 /* FirebaseFirestoreSwift-Beta in Frameworks */ = {isa = PBXBuildFile; productRef = E474C7B1260BC1B4008E6940 /* FirebaseFirestoreSwift-Beta */; };
		E474C7B4260BC1B4008E6940 /* FirebaseStorage in Frameworks */ = {isa = PBXBuildFile; productRef = E474C7B3260BC1B4008E6940 /* FirebaseStorage */; };
		E474C7B6260BC1B4008E6940 /* FirebaseAuth in Frameworks */ = {isa = PBXBuildFile; productRef = E474C7B5260BC1B4008E6940 /* FirebaseAuth */; };
		E474C7B8260BC1B4008E6940 /* FirebaseFirestore in Frameworks */ = {isa = PBXBuildFile; productRef = E474C7B7260BC1B4008E6940 /* FirebaseFirestore */; };
		E474C7BA260BC1B4008E6940 /* FirebaseDatabase in Frameworks */ = {isa = PBXBuildFile; productRef = E474C7B9260BC1B4008E6940 /* FirebaseDatabase */; };
		E474C7BC260BC4F4008E6940 /* FirebaseVerse.swift in Sources */ = {isa = PBXBuildFile; fileRef = E474C7BB260BC4F4008E6940 /* FirebaseVerse.swift */; };
		E49B175E2605CC3A004776D5 /* CustomView.swift in Sources */ = {isa = PBXBuildFile; fileRef = E49B175D2605CC3A004776D5 /* CustomView.swift */; };
		E49B17612605D309004776D5 /* verses.json in Resources */ = {isa = PBXBuildFile; fileRef = E49B17602605D309004776D5 /* verses.json */; };
		E49B17632605D34E004776D5 /* LocalVerse.swift in Sources */ = {isa = PBXBuildFile; fileRef = E49B17622605D34E004776D5 /* LocalVerse.swift */; };
		E49B17652605D3A2004776D5 /* VerseViewModel.swift in Sources */ = {isa = PBXBuildFile; fileRef = E49B17642605D3A2004776D5 /* VerseViewModel.swift */; };
		E49B17672605D45F004776D5 /* Bundle+Ext.swift in Sources */ = {isa = PBXBuildFile; fileRef = E49B17662605D45F004776D5 /* Bundle+Ext.swift */; };
		E49B17692605D530004776D5 /* DataFile.swift in Sources */ = {isa = PBXBuildFile; fileRef = E49B17682605D530004776D5 /* DataFile.swift */; };
		E49B176B2605D7CB004776D5 /* Date+Ext.swift in Sources */ = {isa = PBXBuildFile; fileRef = E49B176A2605D7CB004776D5 /* Date+Ext.swift */; };
		E49B17702608F193004776D5 /* Images.xcassets in Resources */ = {isa = PBXBuildFile; fileRef = E49B176F2608F193004776D5 /* Images.xcassets */; };
		E49B1773260905CA004776D5 /* VerseVerseSectionView.swift in Sources */ = {isa = PBXBuildFile; fileRef = E49B1772260905CA004776D5 /* VerseVerseSectionView.swift */; };
		E49B1775260905F3004776D5 /* VerseArrowHeartSectionView.swift in Sources */ = {isa = PBXBuildFile; fileRef = E49B1774260905F3004776D5 /* VerseArrowHeartSectionView.swift */; };
		E49B177A26090AA2004776D5 /* Lottie in Frameworks */ = {isa = PBXBuildFile; productRef = E49B177926090AA2004776D5 /* Lottie */; };
		E4DC721D2605B66900AD2839 /* AppDelegate.swift in Sources */ = {isa = PBXBuildFile; fileRef = E4DC721C2605B66900AD2839 /* AppDelegate.swift */; };
		E4DC721F2605B66900AD2839 /* SceneDelegate.swift in Sources */ = {isa = PBXBuildFile; fileRef = E4DC721E2605B66900AD2839 /* SceneDelegate.swift */; };
		E4DC72212605B66900AD2839 /* MainTabView.swift in Sources */ = {isa = PBXBuildFile; fileRef = E4DC72202605B66900AD2839 /* MainTabView.swift */; };
		E4DC72242605B66900AD2839 /* WersetDnia3.xcdatamodeld in Sources */ = {isa = PBXBuildFile; fileRef = E4DC72222605B66900AD2839 /* WersetDnia3.xcdatamodeld */; };
		E4DC72262605B66A00AD2839 /* Assets.xcassets in Resources */ = {isa = PBXBuildFile; fileRef = E4DC72252605B66A00AD2839 /* Assets.xcassets */; };
		E4DC72292605B66A00AD2839 /* Preview Assets.xcassets in Resources */ = {isa = PBXBuildFile; fileRef = E4DC72282605B66A00AD2839 /* Preview Assets.xcassets */; };
		E4DC722C2605B66A00AD2839 /* LaunchScreen.storyboard in Resources */ = {isa = PBXBuildFile; fileRef = E4DC722A2605B66A00AD2839 /* LaunchScreen.storyboard */; };
		E4DC72342605B6DE00AD2839 /* AlarmView.swift in Sources */ = {isa = PBXBuildFile; fileRef = E4DC72332605B6DE00AD2839 /* AlarmView.swift */; };
		E4DC72362605B6FB00AD2839 /* LikedVersesView.swift in Sources */ = {isa = PBXBuildFile; fileRef = E4DC72352605B6FB00AD2839 /* LikedVersesView.swift */; };
		E4DC72382605B71C00AD2839 /* RollView.swift in Sources */ = {isa = PBXBuildFile; fileRef = E4DC72372605B71C00AD2839 /* RollView.swift */; };
		E4DC723A2605B73700AD2839 /* InfoView.swift in Sources */ = {isa = PBXBuildFile; fileRef = E4DC72392605B73700AD2839 /* InfoView.swift */; };
		E4DC723C2605B74500AD2839 /* VerseView.swift in Sources */ = {isa = PBXBuildFile; fileRef = E4DC723B2605B74500AD2839 /* VerseView.swift */; };
		E4DC72402605B7E900AD2839 /* Image+Ext.swift in Sources */ = {isa = PBXBuildFile; fileRef = E4DC723F2605B7E900AD2839 /* Image+Ext.swift */; };
		E4DC72422605B81100AD2839 /* Icon.swift in Sources */ = {isa = PBXBuildFile; fileRef = E4DC72412605B81100AD2839 /* Icon.swift */; };
		E4DC72492605BC2500AD2839 /* Texts.swift in Sources */ = {isa = PBXBuildFile; fileRef = E4DC72482605BC2500AD2839 /* Texts.swift */; };
		E4DC724B2605BCF200AD2839 /* Text+Ext.swift in Sources */ = {isa = PBXBuildFile; fileRef = E4DC724A2605BCF200AD2839 /* Text+Ext.swift */; };
		E4ECCCDF260E5D6F00D67DA1 /* FirebaseComment.swift in Sources */ = {isa = PBXBuildFile; fileRef = E4ECCCDE260E5D6F00D67DA1 /* FirebaseComment.swift */; };
		E4ECCCE1260E748100D67DA1 /* SavedComment+CoreDataClass.swift in Sources */ = {isa = PBXBuildFile; fileRef = E4ECCCE0260E748100D67DA1 /* SavedComment+CoreDataClass.swift */; };
		E4ECCCE5260E757300D67DA1 /* SavedCommentsDataManager.swift in Sources */ = {isa = PBXBuildFile; fileRef = E4ECCCE4260E757300D67DA1 /* SavedCommentsDataManager.swift */; };
/* End PBXBuildFile section */

/* Begin PBXFileReference section */
		E474C75726092E0A008E6940 /* HeartAnimationView.swift */ = {isa = PBXFileReference; fileEncoding = 4; lastKnownFileType = sourcecode.swift; path = HeartAnimationView.swift; sourceTree = "<group>"; };
		E474C75A26092E0A008E6940 /* LottieAnimation.swift */ = {isa = PBXFileReference; fileEncoding = 4; lastKnownFileType = sourcecode.swift; path = LottieAnimation.swift; sourceTree = "<group>"; };
		E474C76426093CE7008E6940 /* heartAnimation.json */ = {isa = PBXFileReference; fileEncoding = 4; lastKnownFileType = text.json; path = heartAnimation.json; sourceTree = "<group>"; };
		E474C76A26093F2E008E6940 /* LikedVersesDataManager.swift */ = {isa = PBXFileReference; lastKnownFileType = sourcecode.swift; path = LikedVersesDataManager.swift; sourceTree = "<group>"; };
		E474C76C260940EC008E6940 /* os_log+Ext.swift */ = {isa = PBXFileReference; lastKnownFileType = sourcecode.swift; path = "os_log+Ext.swift"; sourceTree = "<group>"; };
		E474C76E26094A49008E6940 /* LikedVerse+CoreDataClass.swift */ = {isa = PBXFileReference; lastKnownFileType = sourcecode.swift; path = "LikedVerse+CoreDataClass.swift"; sourceTree = "<group>"; };
		E474C797260BBDBA008E6940 /* GoogleService-Info.plist */ = {isa = PBXFileReference; fileEncoding = 4; lastKnownFileType = text.plist.xml; path = "GoogleService-Info.plist"; sourceTree = "<group>"; };
		E474C79A260BBF51008E6940 /* FirebaseDataManager.swift */ = {isa = PBXFileReference; lastKnownFileType = sourcecode.swift; path = FirebaseDataManager.swift; sourceTree = "<group>"; };
		E474C7BB260BC4F4008E6940 /* FirebaseVerse.swift */ = {isa = PBXFileReference; lastKnownFileType = sourcecode.swift; path = FirebaseVerse.swift; sourceTree = "<group>"; };
		E49B175D2605CC3A004776D5 /* CustomView.swift */ = {isa = PBXFileReference; lastKnownFileType = sourcecode.swift; path = CustomView.swift; sourceTree = "<group>"; };
		E49B17602605D309004776D5 /* verses.json */ = {isa = PBXFileReference; fileEncoding = 4; lastKnownFileType = text.json; name = verses.json; path = WersetDnia3/verses.json; sourceTree = SOURCE_ROOT; };
		E49B17622605D34E004776D5 /* LocalVerse.swift */ = {isa = PBXFileReference; lastKnownFileType = sourcecode.swift; path = LocalVerse.swift; sourceTree = "<group>"; };
		E49B17642605D3A2004776D5 /* VerseViewModel.swift */ = {isa = PBXFileReference; lastKnownFileType = sourcecode.swift; path = VerseViewModel.swift; sourceTree = "<group>"; };
		E49B17662605D45F004776D5 /* Bundle+Ext.swift */ = {isa = PBXFileReference; lastKnownFileType = sourcecode.swift; path = "Bundle+Ext.swift"; sourceTree = "<group>"; };
		E49B17682605D530004776D5 /* DataFile.swift */ = {isa = PBXFileReference; lastKnownFileType = sourcecode.swift; path = DataFile.swift; sourceTree = "<group>"; };
		E49B176A2605D7CB004776D5 /* Date+Ext.swift */ = {isa = PBXFileReference; lastKnownFileType = sourcecode.swift; path = "Date+Ext.swift"; sourceTree = "<group>"; };
		E49B176F2608F193004776D5 /* Images.xcassets */ = {isa = PBXFileReference; lastKnownFileType = folder.assetcatalog; path = Images.xcassets; sourceTree = "<group>"; };
		E49B1772260905CA004776D5 /* VerseVerseSectionView.swift */ = {isa = PBXFileReference; lastKnownFileType = sourcecode.swift; path = VerseVerseSectionView.swift; sourceTree = "<group>"; };
		E49B1774260905F3004776D5 /* VerseArrowHeartSectionView.swift */ = {isa = PBXFileReference; lastKnownFileType = sourcecode.swift; path = VerseArrowHeartSectionView.swift; sourceTree = "<group>"; };
		E4DC72192605B66900AD2839 /* WersetDnia3.app */ = {isa = PBXFileReference; explicitFileType = wrapper.application; includeInIndex = 0; path = WersetDnia3.app; sourceTree = BUILT_PRODUCTS_DIR; };
		E4DC721C2605B66900AD2839 /* AppDelegate.swift */ = {isa = PBXFileReference; lastKnownFileType = sourcecode.swift; path = AppDelegate.swift; sourceTree = "<group>"; };
		E4DC721E2605B66900AD2839 /* SceneDelegate.swift */ = {isa = PBXFileReference; lastKnownFileType = sourcecode.swift; path = SceneDelegate.swift; sourceTree = "<group>"; };
		E4DC72202605B66900AD2839 /* MainTabView.swift */ = {isa = PBXFileReference; lastKnownFileType = sourcecode.swift; path = MainTabView.swift; sourceTree = "<group>"; };
		E4DC72232605B66900AD2839 /* WersetDnia3.xcdatamodel */ = {isa = PBXFileReference; lastKnownFileType = wrapper.xcdatamodel; path = WersetDnia3.xcdatamodel; sourceTree = "<group>"; };
		E4DC72252605B66A00AD2839 /* Assets.xcassets */ = {isa = PBXFileReference; lastKnownFileType = folder.assetcatalog; path = Assets.xcassets; sourceTree = "<group>"; };
		E4DC72282605B66A00AD2839 /* Preview Assets.xcassets */ = {isa = PBXFileReference; lastKnownFileType = folder.assetcatalog; path = "Preview Assets.xcassets"; sourceTree = "<group>"; };
		E4DC722B2605B66A00AD2839 /* Base */ = {isa = PBXFileReference; lastKnownFileType = file.storyboard; name = Base; path = Base.lproj/LaunchScreen.storyboard; sourceTree = "<group>"; };
		E4DC722D2605B66A00AD2839 /* Info.plist */ = {isa = PBXFileReference; lastKnownFileType = text.plist.xml; path = Info.plist; sourceTree = "<group>"; };
		E4DC72332605B6DE00AD2839 /* AlarmView.swift */ = {isa = PBXFileReference; lastKnownFileType = sourcecode.swift; path = AlarmView.swift; sourceTree = "<group>"; };
		E4DC72352605B6FB00AD2839 /* LikedVersesView.swift */ = {isa = PBXFileReference; lastKnownFileType = sourcecode.swift; path = LikedVersesView.swift; sourceTree = "<group>"; };
		E4DC72372605B71C00AD2839 /* RollView.swift */ = {isa = PBXFileReference; lastKnownFileType = sourcecode.swift; path = RollView.swift; sourceTree = "<group>"; };
		E4DC72392605B73700AD2839 /* InfoView.swift */ = {isa = PBXFileReference; lastKnownFileType = sourcecode.swift; path = InfoView.swift; sourceTree = "<group>"; };
		E4DC723B2605B74500AD2839 /* VerseView.swift */ = {isa = PBXFileReference; lastKnownFileType = sourcecode.swift; path = VerseView.swift; sourceTree = "<group>"; };
		E4DC723F2605B7E900AD2839 /* Image+Ext.swift */ = {isa = PBXFileReference; lastKnownFileType = sourcecode.swift; path = "Image+Ext.swift"; sourceTree = "<group>"; };
		E4DC72412605B81100AD2839 /* Icon.swift */ = {isa = PBXFileReference; lastKnownFileType = sourcecode.swift; path = Icon.swift; sourceTree = "<group>"; };
		E4DC72482605BC2500AD2839 /* Texts.swift */ = {isa = PBXFileReference; lastKnownFileType = sourcecode.swift; path = Texts.swift; sourceTree = "<group>"; };
		E4DC724A2605BCF200AD2839 /* Text+Ext.swift */ = {isa = PBXFileReference; lastKnownFileType = sourcecode.swift; path = "Text+Ext.swift"; sourceTree = "<group>"; };
		E4ECCCDE260E5D6F00D67DA1 /* FirebaseComment.swift */ = {isa = PBXFileReference; lastKnownFileType = sourcecode.swift; path = FirebaseComment.swift; sourceTree = "<group>"; };
		E4ECCCE0260E748100D67DA1 /* SavedComment+CoreDataClass.swift */ = {isa = PBXFileReference; lastKnownFileType = sourcecode.swift; path = "SavedComment+CoreDataClass.swift"; sourceTree = "<group>"; };
		E4ECCCE4260E757300D67DA1 /* SavedCommentsDataManager.swift */ = {isa = PBXFileReference; lastKnownFileType = sourcecode.swift; path = SavedCommentsDataManager.swift; sourceTree = "<group>"; };
/* End PBXFileReference section */

/* Begin PBXFrameworksBuildPhase section */
		E4DC72162605B66900AD2839 /* Frameworks */ = {
			isa = PBXFrameworksBuildPhase;
			buildActionMask = 2147483647;
			files = (
				E474C7B2260BC1B4008E6940 /* FirebaseFirestoreSwift-Beta in Frameworks */,
				E474C7B6260BC1B4008E6940 /* FirebaseAuth in Frameworks */,
				E474C7B4260BC1B4008E6940 /* FirebaseStorage in Frameworks */,
				E49B177A26090AA2004776D5 /* Lottie in Frameworks */,
				E474C7B0260BC1B4008E6940 /* FirebaseStorageSwift-Beta in Frameworks */,
				E474C7BA260BC1B4008E6940 /* FirebaseDatabase in Frameworks */,
				E474C7B8260BC1B4008E6940 /* FirebaseFirestore in Frameworks */,
			);
			runOnlyForDeploymentPostprocessing = 0;
		};
/* End PBXFrameworksBuildPhase section */

/* Begin PBXGroup section */
		E474C75526092E0A008E6940 /* Lottie */ = {
			isa = PBXGroup;
			children = (
				E474C75626092E0A008E6940 /* Views */,
				E474C75826092E0A008E6940 /* Animations */,
			);
			path = Lottie;
			sourceTree = "<group>";
		};
		E474C75626092E0A008E6940 /* Views */ = {
			isa = PBXGroup;
			children = (
				E474C75726092E0A008E6940 /* HeartAnimationView.swift */,
			);
			path = Views;
			sourceTree = "<group>";
		};
		E474C75826092E0A008E6940 /* Animations */ = {
			isa = PBXGroup;
			children = (
				E474C76426093CE7008E6940 /* heartAnimation.json */,
				E474C75A26092E0A008E6940 /* LottieAnimation.swift */,
			);
			path = Animations;
			sourceTree = "<group>";
		};
		E474C76626093E5D008E6940 /* CoreData */ = {
			isa = PBXGroup;
			children = (
				E4ECCCE3260E755100D67DA1 /* Database */,
				E4ECCCE2260E754200D67DA1 /* Managers */,
				E4ECCCE6260E7B0200D67DA1 /* Objects */,
			);
			path = CoreData;
			sourceTree = "<group>";
		};
		E474C799260BBEFE008E6940 /* Firebase */ = {
			isa = PBXGroup;
			children = (
				E4ECCCE8260E7B1900D67DA1 /* Models */,
				E4ECCCE7260E7B1000D67DA1 /* Managers */,
			);
			path = Firebase;
			sourceTree = "<group>";
		};
		E49B175C2605CC1D004776D5 /* Helpers */ = {
			isa = PBXGroup;
			children = (
				E49B175D2605CC3A004776D5 /* CustomView.swift */,
			);
			path = Helpers;
			sourceTree = "<group>";
		};
		E49B175F2605D2FA004776D5 /* DataFiles */ = {
			isa = PBXGroup;
			children = (
				E49B17682605D530004776D5 /* DataFile.swift */,
				E49B17602605D309004776D5 /* verses.json */,
			);
			path = DataFiles;
			sourceTree = "<group>";
		};
		E49B17712609054C004776D5 /* VerseView */ = {
			isa = PBXGroup;
			children = (
				E4DC723B2605B74500AD2839 /* VerseView.swift */,
				E49B1772260905CA004776D5 /* VerseVerseSectionView.swift */,
				E49B1774260905F3004776D5 /* VerseArrowHeartSectionView.swift */,
			);
			path = VerseView;
			sourceTree = "<group>";
		};
		E4DC72102605B66900AD2839 = {
			isa = PBXGroup;
			children = (
				E4DC721B2605B66900AD2839 /* WersetDnia3 */,
				E4DC721A2605B66900AD2839 /* Products */,
			);
			sourceTree = "<group>";
		};
		E4DC721A2605B66900AD2839 /* Products */ = {
			isa = PBXGroup;
			children = (
				E4DC72192605B66900AD2839 /* WersetDnia3.app */,
			);
			name = Products;
			sourceTree = "<group>";
		};
		E4DC721B2605B66900AD2839 /* WersetDnia3 */ = {
			isa = PBXGroup;
			children = (
				E4DC721C2605B66900AD2839 /* AppDelegate.swift */,
				E4DC721E2605B66900AD2839 /* SceneDelegate.swift */,
				E4ECCCE9260E7B5100D67DA1 /* Database */,
				E474C75526092E0A008E6940 /* Lottie */,
				E49B175C2605CC1D004776D5 /* Helpers */,
				E4DC72432605BAC800AD2839 /* Views */,
				E4DC72452605BB1800AD2839 /* ViewModels */,
				E4DC72472605BB2600AD2839 /* Models */,
				E4DC723E2605B7CC00AD2839 /* Extensions */,
				E4DC723D2605B78D00AD2839 /* Resources */,
				E4DC722A2605B66A00AD2839 /* LaunchScreen.storyboard */,
				E4DC722D2605B66A00AD2839 /* Info.plist */,
				E474C797260BBDBA008E6940 /* GoogleService-Info.plist */,
				E4DC72272605B66A00AD2839 /* Preview Content */,
			);
			path = WersetDnia3;
			sourceTree = "<group>";
		};
		E4DC72272605B66A00AD2839 /* Preview Content */ = {
			isa = PBXGroup;
			children = (
				E4DC72282605B66A00AD2839 /* Preview Assets.xcassets */,
			);
			path = "Preview Content";
			sourceTree = "<group>";
		};
		E4DC723D2605B78D00AD2839 /* Resources */ = {
			isa = PBXGroup;
			children = (
				E4DC72412605B81100AD2839 /* Icon.swift */,
				E4DC72482605BC2500AD2839 /* Texts.swift */,
				E4DC72252605B66A00AD2839 /* Assets.xcassets */,
				E49B176F2608F193004776D5 /* Images.xcassets */,
			);
			path = Resources;
			sourceTree = "<group>";
		};
		E4DC723E2605B7CC00AD2839 /* Extensions */ = {
			isa = PBXGroup;
			children = (
				E4DC723F2605B7E900AD2839 /* Image+Ext.swift */,
				E49B176A2605D7CB004776D5 /* Date+Ext.swift */,
				E49B17662605D45F004776D5 /* Bundle+Ext.swift */,
				E4DC724A2605BCF200AD2839 /* Text+Ext.swift */,
				E474C76C260940EC008E6940 /* os_log+Ext.swift */,
			);
			path = Extensions;
			sourceTree = "<group>";
		};
		E4DC72432605BAC800AD2839 /* Views */ = {
			isa = PBXGroup;
			children = (
				E4DC72202605B66900AD2839 /* MainTabView.swift */,
				E4DC72442605BADA00AD2839 /* TabViews */,
			);
			path = Views;
			sourceTree = "<group>";
		};
		E4DC72442605BADA00AD2839 /* TabViews */ = {
			isa = PBXGroup;
			children = (
				E4DC72332605B6DE00AD2839 /* AlarmView.swift */,
				E4DC72372605B71C00AD2839 /* RollView.swift */,
				E49B17712609054C004776D5 /* VerseView */,
				E4DC72352605B6FB00AD2839 /* LikedVersesView.swift */,
				E4DC72392605B73700AD2839 /* InfoView.swift */,
			);
			path = TabViews;
			sourceTree = "<group>";
		};
		E4DC72452605BB1800AD2839 /* ViewModels */ = {
			isa = PBXGroup;
			children = (
				E49B17642605D3A2004776D5 /* VerseViewModel.swift */,
			);
			path = ViewModels;
			sourceTree = "<group>";
		};
		E4DC72472605BB2600AD2839 /* Models */ = {
			isa = PBXGroup;
			children = (
				E49B17622605D34E004776D5 /* LocalVerse.swift */,
			);
			path = Models;
			sourceTree = "<group>";
		};
		E4ECCCE2260E754200D67DA1 /* Managers */ = {
			isa = PBXGroup;
			children = (
				E474C76A26093F2E008E6940 /* LikedVersesDataManager.swift */,
				E4ECCCE4260E757300D67DA1 /* SavedCommentsDataManager.swift */,
			);
			path = Managers;
			sourceTree = "<group>";
		};
		E4ECCCE3260E755100D67DA1 /* Database */ = {
			isa = PBXGroup;
			children = (
				E4DC72222605B66900AD2839 /* WersetDnia3.xcdatamodeld */,
			);
			path = Database;
			sourceTree = "<group>";
		};
		E4ECCCE6260E7B0200D67DA1 /* Objects */ = {
			isa = PBXGroup;
			children = (
				E474C76E26094A49008E6940 /* LikedVerse+CoreDataClass.swift */,
				E4ECCCE0260E748100D67DA1 /* SavedComment+CoreDataClass.swift */,
			);
			path = Objects;
			sourceTree = "<group>";
		};
		E4ECCCE7260E7B1000D67DA1 /* Managers */ = {
			isa = PBXGroup;
			children = (
				E474C79A260BBF51008E6940 /* FirebaseDataManager.swift */,
			);
			path = Managers;
			sourceTree = "<group>";
		};
		E4ECCCE8260E7B1900D67DA1 /* Models */ = {
			isa = PBXGroup;
			children = (
				E474C7BB260BC4F4008E6940 /* FirebaseVerse.swift */,
				E4ECCCDE260E5D6F00D67DA1 /* FirebaseComment.swift */,
			);
			path = Models;
			sourceTree = "<group>";
		};
		E4ECCCE9260E7B5100D67DA1 /* Database */ = {
			isa = PBXGroup;
			children = (
				E49B175F2605D2FA004776D5 /* DataFiles */,
				E474C76626093E5D008E6940 /* CoreData */,
				E474C799260BBEFE008E6940 /* Firebase */,
			);
			path = Database;
			sourceTree = "<group>";
		};
/* End PBXGroup section */

/* Begin PBXNativeTarget section */
		E4DC72182605B66900AD2839 /* WersetDnia3 */ = {
			isa = PBXNativeTarget;
			buildConfigurationList = E4DC72302605B66A00AD2839 /* Build configuration list for PBXNativeTarget "WersetDnia3" */;
			buildPhases = (
				E4DC72152605B66900AD2839 /* Sources */,
				E4DC72162605B66900AD2839 /* Frameworks */,
				E4DC72172605B66900AD2839 /* Resources */,
			);
			buildRules = (
			);
			dependencies = (
			);
			name = WersetDnia3;
			packageProductDependencies = (
				E49B177926090AA2004776D5 /* Lottie */,
				E474C7AF260BC1B4008E6940 /* FirebaseStorageSwift-Beta */,
				E474C7B1260BC1B4008E6940 /* FirebaseFirestoreSwift-Beta */,
				E474C7B3260BC1B4008E6940 /* FirebaseStorage */,
				E474C7B5260BC1B4008E6940 /* FirebaseAuth */,
				E474C7B7260BC1B4008E6940 /* FirebaseFirestore */,
				E474C7B9260BC1B4008E6940 /* FirebaseDatabase */,
			);
			productName = WersetDnia3;
			productReference = E4DC72192605B66900AD2839 /* WersetDnia3.app */;
			productType = "com.apple.product-type.application";
		};
/* End PBXNativeTarget section */

/* Begin PBXProject section */
		E4DC72112605B66900AD2839 /* Project object */ = {
			isa = PBXProject;
			attributes = {
				LastSwiftUpdateCheck = 1250;
				LastUpgradeCheck = 1250;
				TargetAttributes = {
					E4DC72182605B66900AD2839 = {
						CreatedOnToolsVersion = 12.5;
					};
				};
			};
			buildConfigurationList = E4DC72142605B66900AD2839 /* Build configuration list for PBXProject "WersetDnia3" */;
			compatibilityVersion = "Xcode 9.3";
			developmentRegion = en;
			hasScannedForEncodings = 0;
			knownRegions = (
				en,
				Base,
			);
			mainGroup = E4DC72102605B66900AD2839;
			packageReferences = (
				E49B177826090AA2004776D5 /* XCRemoteSwiftPackageReference "lottie-ios" */,
				E474C7AE260BC1B4008E6940 /* XCRemoteSwiftPackageReference "firebase-ios-sdk" */,
			);
			productRefGroup = E4DC721A2605B66900AD2839 /* Products */;
			projectDirPath = "";
			projectRoot = "";
			targets = (
				E4DC72182605B66900AD2839 /* WersetDnia3 */,
			);
		};
/* End PBXProject section */

/* Begin PBXResourcesBuildPhase section */
		E4DC72172605B66900AD2839 /* Resources */ = {
			isa = PBXResourcesBuildPhase;
			buildActionMask = 2147483647;
			files = (
				E4DC722C2605B66A00AD2839 /* LaunchScreen.storyboard in Resources */,
				E474C76526093CE7008E6940 /* heartAnimation.json in Resources */,
				E49B17702608F193004776D5 /* Images.xcassets in Resources */,
				E4DC72292605B66A00AD2839 /* Preview Assets.xcassets in Resources */,
				E4DC72262605B66A00AD2839 /* Assets.xcassets in Resources */,
				E49B17612605D309004776D5 /* verses.json in Resources */,
				E474C798260BBDBA008E6940 /* GoogleService-Info.plist in Resources */,
			);
			runOnlyForDeploymentPostprocessing = 0;
		};
/* End PBXResourcesBuildPhase section */

/* Begin PBXSourcesBuildPhase section */
		E4DC72152605B66900AD2839 /* Sources */ = {
			isa = PBXSourcesBuildPhase;
			buildActionMask = 2147483647;
			files = (
				E49B17652605D3A2004776D5 /* VerseViewModel.swift in Sources */,
				E4DC723A2605B73700AD2839 /* InfoView.swift in Sources */,
				E49B1775260905F3004776D5 /* VerseArrowHeartSectionView.swift in Sources */,
				E474C75D26092E0A008E6940 /* LottieAnimation.swift in Sources */,
				E4DC72362605B6FB00AD2839 /* LikedVersesView.swift in Sources */,
				E474C7BC260BC4F4008E6940 /* FirebaseVerse.swift in Sources */,
				E49B17692605D530004776D5 /* DataFile.swift in Sources */,
				E4DC721D2605B66900AD2839 /* AppDelegate.swift in Sources */,
				E49B175E2605CC3A004776D5 /* CustomView.swift in Sources */,
				E4ECCCE1260E748100D67DA1 /* SavedComment+CoreDataClass.swift in Sources */,
				E4DC72242605B66900AD2839 /* WersetDnia3.xcdatamodeld in Sources */,
				E4DC724B2605BCF200AD2839 /* Text+Ext.swift in Sources */,
				E474C75B26092E0A008E6940 /* HeartAnimationView.swift in Sources */,
				E474C77026094A49008E6940 /* LikedVerse+CoreDataClass.swift in Sources */,
				E49B17632605D34E004776D5 /* LocalVerse.swift in Sources */,
				E49B176B2605D7CB004776D5 /* Date+Ext.swift in Sources */,
				E4DC72382605B71C00AD2839 /* RollView.swift in Sources */,
				E4DC72402605B7E900AD2839 /* Image+Ext.swift in Sources */,
				E49B1773260905CA004776D5 /* VerseVerseSectionView.swift in Sources */,
				E4DC72492605BC2500AD2839 /* Texts.swift in Sources */,
				E474C76B26093F2E008E6940 /* LikedVersesDataManager.swift in Sources */,
				E4DC72342605B6DE00AD2839 /* AlarmView.swift in Sources */,
				E49B17672605D45F004776D5 /* Bundle+Ext.swift in Sources */,
				E4DC723C2605B74500AD2839 /* VerseView.swift in Sources */,
				E474C76D260940EC008E6940 /* os_log+Ext.swift in Sources */,
				E4DC721F2605B66900AD2839 /* SceneDelegate.swift in Sources */,
				E4DC72212605B66900AD2839 /* MainTabView.swift in Sources */,
				E474C79B260BBF51008E6940 /* FirebaseDataManager.swift in Sources */,
				E4ECCCE5260E757300D67DA1 /* SavedCommentsDataManager.swift in Sources */,
				E4ECCCDF260E5D6F00D67DA1 /* FirebaseComment.swift in Sources */,
				E4DC72422605B81100AD2839 /* Icon.swift in Sources */,
			);
			runOnlyForDeploymentPostprocessing = 0;
		};
/* End PBXSourcesBuildPhase section */

/* Begin PBXVariantGroup section */
		E4DC722A2605B66A00AD2839 /* LaunchScreen.storyboard */ = {
			isa = PBXVariantGroup;
			children = (
				E4DC722B2605B66A00AD2839 /* Base */,
			);
			name = LaunchScreen.storyboard;
			sourceTree = "<group>";
		};
/* End PBXVariantGroup section */

/* Begin XCBuildConfiguration section */
		E4DC722E2605B66A00AD2839 /* Debug */ = {
			isa = XCBuildConfiguration;
			buildSettings = {
				ALWAYS_SEARCH_USER_PATHS = NO;
				CLANG_ANALYZER_NONNULL = YES;
				CLANG_ANALYZER_NUMBER_OBJECT_CONVERSION = YES_AGGRESSIVE;
				CLANG_CXX_LANGUAGE_STANDARD = "gnu++14";
				CLANG_CXX_LIBRARY = "libc++";
				CLANG_ENABLE_MODULES = YES;
				CLANG_ENABLE_OBJC_ARC = YES;
				CLANG_ENABLE_OBJC_WEAK = YES;
				CLANG_WARN_BLOCK_CAPTURE_AUTORELEASING = YES;
				CLANG_WARN_BOOL_CONVERSION = YES;
				CLANG_WARN_COMMA = YES;
				CLANG_WARN_CONSTANT_CONVERSION = YES;
				CLANG_WARN_DEPRECATED_OBJC_IMPLEMENTATIONS = YES;
				CLANG_WARN_DIRECT_OBJC_ISA_USAGE = YES_ERROR;
				CLANG_WARN_DOCUMENTATION_COMMENTS = YES;
				CLANG_WARN_EMPTY_BODY = YES;
				CLANG_WARN_ENUM_CONVERSION = YES;
				CLANG_WARN_INFINITE_RECURSION = YES;
				CLANG_WARN_INT_CONVERSION = YES;
				CLANG_WARN_NON_LITERAL_NULL_CONVERSION = YES;
				CLANG_WARN_OBJC_IMPLICIT_RETAIN_SELF = YES;
				CLANG_WARN_OBJC_LITERAL_CONVERSION = YES;
				CLANG_WARN_OBJC_ROOT_CLASS = YES_ERROR;
				CLANG_WARN_QUOTED_INCLUDE_IN_FRAMEWORK_HEADER = YES;
				CLANG_WARN_RANGE_LOOP_ANALYSIS = YES;
				CLANG_WARN_STRICT_PROTOTYPES = YES;
				CLANG_WARN_SUSPICIOUS_MOVE = YES;
				CLANG_WARN_UNGUARDED_AVAILABILITY = YES_AGGRESSIVE;
				CLANG_WARN_UNREACHABLE_CODE = YES;
				CLANG_WARN__DUPLICATE_METHOD_MATCH = YES;
				COPY_PHASE_STRIP = NO;
				DEBUG_INFORMATION_FORMAT = dwarf;
				ENABLE_STRICT_OBJC_MSGSEND = YES;
				ENABLE_TESTABILITY = YES;
				GCC_C_LANGUAGE_STANDARD = gnu11;
				GCC_DYNAMIC_NO_PIC = NO;
				GCC_NO_COMMON_BLOCKS = YES;
				GCC_OPTIMIZATION_LEVEL = 0;
				GCC_PREPROCESSOR_DEFINITIONS = (
					"DEBUG=1",
					"$(inherited)",
				);
				GCC_WARN_64_TO_32_BIT_CONVERSION = YES;
				GCC_WARN_ABOUT_RETURN_TYPE = YES_ERROR;
				GCC_WARN_UNDECLARED_SELECTOR = YES;
				GCC_WARN_UNINITIALIZED_AUTOS = YES_AGGRESSIVE;
				GCC_WARN_UNUSED_FUNCTION = YES;
				GCC_WARN_UNUSED_VARIABLE = YES;
				IPHONEOS_DEPLOYMENT_TARGET = 14.1;
				MTL_ENABLE_DEBUG_INFO = INCLUDE_SOURCE;
				MTL_FAST_MATH = YES;
				ONLY_ACTIVE_ARCH = YES;
				SDKROOT = iphoneos;
				SWIFT_ACTIVE_COMPILATION_CONDITIONS = DEBUG;
				SWIFT_OPTIMIZATION_LEVEL = "-Onone";
			};
			name = Debug;
		};
		E4DC722F2605B66A00AD2839 /* Release */ = {
			isa = XCBuildConfiguration;
			buildSettings = {
				ALWAYS_SEARCH_USER_PATHS = NO;
				CLANG_ANALYZER_NONNULL = YES;
				CLANG_ANALYZER_NUMBER_OBJECT_CONVERSION = YES_AGGRESSIVE;
				CLANG_CXX_LANGUAGE_STANDARD = "gnu++14";
				CLANG_CXX_LIBRARY = "libc++";
				CLANG_ENABLE_MODULES = YES;
				CLANG_ENABLE_OBJC_ARC = YES;
				CLANG_ENABLE_OBJC_WEAK = YES;
				CLANG_WARN_BLOCK_CAPTURE_AUTORELEASING = YES;
				CLANG_WARN_BOOL_CONVERSION = YES;
				CLANG_WARN_COMMA = YES;
				CLANG_WARN_CONSTANT_CONVERSION = YES;
				CLANG_WARN_DEPRECATED_OBJC_IMPLEMENTATIONS = YES;
				CLANG_WARN_DIRECT_OBJC_ISA_USAGE = YES_ERROR;
				CLANG_WARN_DOCUMENTATION_COMMENTS = YES;
				CLANG_WARN_EMPTY_BODY = YES;
				CLANG_WARN_ENUM_CONVERSION = YES;
				CLANG_WARN_INFINITE_RECURSION = YES;
				CLANG_WARN_INT_CONVERSION = YES;
				CLANG_WARN_NON_LITERAL_NULL_CONVERSION = YES;
				CLANG_WARN_OBJC_IMPLICIT_RETAIN_SELF = YES;
				CLANG_WARN_OBJC_LITERAL_CONVERSION = YES;
				CLANG_WARN_OBJC_ROOT_CLASS = YES_ERROR;
				CLANG_WARN_QUOTED_INCLUDE_IN_FRAMEWORK_HEADER = YES;
				CLANG_WARN_RANGE_LOOP_ANALYSIS = YES;
				CLANG_WARN_STRICT_PROTOTYPES = YES;
				CLANG_WARN_SUSPICIOUS_MOVE = YES;
				CLANG_WARN_UNGUARDED_AVAILABILITY = YES_AGGRESSIVE;
				CLANG_WARN_UNREACHABLE_CODE = YES;
				CLANG_WARN__DUPLICATE_METHOD_MATCH = YES;
				COPY_PHASE_STRIP = NO;
				DEBUG_INFORMATION_FORMAT = "dwarf-with-dsym";
				ENABLE_NS_ASSERTIONS = NO;
				ENABLE_STRICT_OBJC_MSGSEND = YES;
				GCC_C_LANGUAGE_STANDARD = gnu11;
				GCC_NO_COMMON_BLOCKS = YES;
				GCC_WARN_64_TO_32_BIT_CONVERSION = YES;
				GCC_WARN_ABOUT_RETURN_TYPE = YES_ERROR;
				GCC_WARN_UNDECLARED_SELECTOR = YES;
				GCC_WARN_UNINITIALIZED_AUTOS = YES_AGGRESSIVE;
				GCC_WARN_UNUSED_FUNCTION = YES;
				GCC_WARN_UNUSED_VARIABLE = YES;
				IPHONEOS_DEPLOYMENT_TARGET = 14.1;
				MTL_ENABLE_DEBUG_INFO = NO;
				MTL_FAST_MATH = YES;
				SDKROOT = iphoneos;
				SWIFT_COMPILATION_MODE = wholemodule;
				SWIFT_OPTIMIZATION_LEVEL = "-O";
				VALIDATE_PRODUCT = YES;
			};
			name = Release;
		};
		E4DC72312605B66A00AD2839 /* Debug */ = {
			isa = XCBuildConfiguration;
			buildSettings = {
				ASSETCATALOG_COMPILER_APPICON_NAME = AppIcon;
				ASSETCATALOG_COMPILER_GLOBAL_ACCENT_COLOR_NAME = AccentColor;
				CODE_SIGN_STYLE = Automatic;
				DEVELOPMENT_ASSET_PATHS = "\"WersetDnia3/Preview Content\"";
				DEVELOPMENT_TEAM = KM42VYU5F9;
				ENABLE_PREVIEWS = YES;
				INFOPLIST_FILE = WersetDnia3/Info.plist;
				LD_RUNPATH_SEARCH_PATHS = (
					"$(inherited)",
					"@executable_path/Frameworks",
				);
				PRODUCT_BUNDLE_IDENTIFIER = com.timothystokarski.WersetDnia3;
				PRODUCT_NAME = "$(TARGET_NAME)";
				SWIFT_VERSION = 5.0;
				TARGETED_DEVICE_FAMILY = "1,2";
			};
			name = Debug;
		};
		E4DC72322605B66A00AD2839 /* Release */ = {
			isa = XCBuildConfiguration;
			buildSettings = {
				ASSETCATALOG_COMPILER_APPICON_NAME = AppIcon;
				ASSETCATALOG_COMPILER_GLOBAL_ACCENT_COLOR_NAME = AccentColor;
				CODE_SIGN_STYLE = Automatic;
				DEVELOPMENT_ASSET_PATHS = "\"WersetDnia3/Preview Content\"";
				DEVELOPMENT_TEAM = KM42VYU5F9;
				ENABLE_PREVIEWS = YES;
				INFOPLIST_FILE = WersetDnia3/Info.plist;
				LD_RUNPATH_SEARCH_PATHS = (
					"$(inherited)",
					"@executable_path/Frameworks",
				);
				PRODUCT_BUNDLE_IDENTIFIER = com.timothystokarski.WersetDnia3;
				PRODUCT_NAME = "$(TARGET_NAME)";
				SWIFT_VERSION = 5.0;
				TARGETED_DEVICE_FAMILY = "1,2";
			};
			name = Release;
		};
/* End XCBuildConfiguration section */

/* Begin XCConfigurationList section */
		E4DC72142605B66900AD2839 /* Build configuration list for PBXProject "WersetDnia3" */ = {
			isa = XCConfigurationList;
			buildConfigurations = (
				E4DC722E2605B66A00AD2839 /* Debug */,
				E4DC722F2605B66A00AD2839 /* Release */,
			);
			defaultConfigurationIsVisible = 0;
			defaultConfigurationName = Release;
		};
		E4DC72302605B66A00AD2839 /* Build configuration list for PBXNativeTarget "WersetDnia3" */ = {
			isa = XCConfigurationList;
			buildConfigurations = (
				E4DC72312605B66A00AD2839 /* Debug */,
				E4DC72322605B66A00AD2839 /* Release */,
			);
			defaultConfigurationIsVisible = 0;
			defaultConfigurationName = Release;
		};
/* End XCConfigurationList section */

/* Begin XCRemoteSwiftPackageReference section */
		E474C7AE260BC1B4008E6940 /* XCRemoteSwiftPackageReference "firebase-ios-sdk" */ = {
			isa = XCRemoteSwiftPackageReference;
			repositoryURL = "https://github.com/firebase/firebase-ios-sdk";
			requirement = {
				kind = upToNextMajorVersion;
				minimumVersion = 7.9.1;
			};
		};
		E49B177826090AA2004776D5 /* XCRemoteSwiftPackageReference "lottie-ios" */ = {
			isa = XCRemoteSwiftPackageReference;
			repositoryURL = "https://github.com/airbnb/lottie-ios";
			requirement = {
				kind = upToNextMajorVersion;
				minimumVersion = 3.2.1;
			};
		};
/* End XCRemoteSwiftPackageReference section */

/* Begin XCSwiftPackageProductDependency section */
		E474C7AF260BC1B4008E6940 /* FirebaseStorageSwift-Beta */ = {
			isa = XCSwiftPackageProductDependency;
			package = E474C7AE260BC1B4008E6940 /* XCRemoteSwiftPackageReference "firebase-ios-sdk" */;
			productName = "FirebaseStorageSwift-Beta";
		};
		E474C7B1260BC1B4008E6940 /* FirebaseFirestoreSwift-Beta */ = {
			isa = XCSwiftPackageProductDependency;
			package = E474C7AE260BC1B4008E6940 /* XCRemoteSwiftPackageReference "firebase-ios-sdk" */;
			productName = "FirebaseFirestoreSwift-Beta";
		};
		E474C7B3260BC1B4008E6940 /* FirebaseStorage */ = {
			isa = XCSwiftPackageProductDependency;
			package = E474C7AE260BC1B4008E6940 /* XCRemoteSwiftPackageReference "firebase-ios-sdk" */;
			productName = FirebaseStorage;
		};
		E474C7B5260BC1B4008E6940 /* FirebaseAuth */ = {
			isa = XCSwiftPackageProductDependency;
			package = E474C7AE260BC1B4008E6940 /* XCRemoteSwiftPackageReference "firebase-ios-sdk" */;
			productName = FirebaseAuth;
		};
		E474C7B7260BC1B4008E6940 /* FirebaseFirestore */ = {
			isa = XCSwiftPackageProductDependency;
			package = E474C7AE260BC1B4008E6940 /* XCRemoteSwiftPackageReference "firebase-ios-sdk" */;
			productName = FirebaseFirestore;
		};
		E474C7B9260BC1B4008E6940 /* FirebaseDatabase */ = {
			isa = XCSwiftPackageProductDependency;
			package = E474C7AE260BC1B4008E6940 /* XCRemoteSwiftPackageReference "firebase-ios-sdk" */;
			productName = FirebaseDatabase;
		};
		E49B177926090AA2004776D5 /* Lottie */ = {
			isa = XCSwiftPackageProductDependency;
			package = E49B177826090AA2004776D5 /* XCRemoteSwiftPackageReference "lottie-ios" */;
			productName = Lottie;
		};
/* End XCSwiftPackageProductDependency section */

/* Begin XCVersionGroup section */
		E4DC72222605B66900AD2839 /* WersetDnia3.xcdatamodeld */ = {
			isa = XCVersionGroup;
			children = (
				E4DC72232605B66900AD2839 /* WersetDnia3.xcdatamodel */,
			);
			currentVersion = E4DC72232605B66900AD2839 /* WersetDnia3.xcdatamodel */;
			path = WersetDnia3.xcdatamodeld;
			sourceTree = "<group>";
			versionGroupType = wrapper.xcdatamodel;
		};
/* End XCVersionGroup section */
	};
	rootObject = E4DC72112605B66900AD2839 /* Project object */;
}
